
Microsoft Visual Studio Solution File, Format Version 12.00
# Visual Studio Version 16
VisualStudioVersion = 16.0.32630.194
MinimumVisualStudioVersion = 10.0.40219.1
Project("{9A19103F-16F7-4668-BE54-9A1E7A4F7556}") = "UniqueWordsLibrary", "UniqueWordsLibrary\UniqueWordsLibrary.csproj", "{C63F37E7-072C-46D7-98B4-977BBA562548}"
EndProject
Project("{FAE04EC0-301F-11D3-BF4B-00C04F79EFBC}") = "UniqueWordsServiceLibrary", "UniqueWordsServiceLibrary\UniqueWordsServiceLibrary.csproj", "{A329D1F0-9879-4203-AADA-110BD3CDF1CD}"
EndProject
Project("{FAE04EC0-301F-11D3-BF4B-00C04F79EFBC}") = "UniqueWordsHost", "UniqueWordsHost\UniqueWordsHost.csproj", "{DD3A564D-74FE-4C5E-86AD-2A404171B4CC}"
EndProject
Project("{FAE04EC0-301F-11D3-BF4B-00C04F79EFBC}") = "UniqueWordsClient", "UniqueWordsClient\UniqueWordsClient.csproj", "{15579236-9791-4499-A939-3AF0BEB6F4D9}"
	ProjectSection(ProjectDependencies) = postProject
		{A329D1F0-9879-4203-AADA-110BD3CDF1CD} = {A329D1F0-9879-4203-AADA-110BD3CDF1CD}
	EndProjectSection
EndProject
Global
	GlobalSection(SolutionConfigurationPlatforms) = preSolution
		Debug|Any CPU = Debug|Any CPU
		Release|Any CPU = Release|Any CPU
	EndGlobalSection
	GlobalSection(ProjectConfigurationPlatforms) = postSolution
		{C63F37E7-072C-46D7-98B4-977BBA562548}.Debug|Any CPU.ActiveCfg = Debug|Any CPU
		{C63F37E7-072C-46D7-98B4-977BBA562548}.Debug|Any CPU.Build.0 = Debug|Any CPU
		{C63F37E7-072C-46D7-98B4-977BBA562548}.Release|Any CPU.ActiveCfg = Release|Any CPU
		{C63F37E7-072C-46D7-98B4-977BBA562548}.Release|Any CPU.Build.0 = Release|Any CPU
		{A329D1F0-9879-4203-AADA-110BD3CDF1CD}.Debug|Any CPU.ActiveCfg = Debug|Any CPU
		{A329D1F0-9879-4203-AADA-110BD3CDF1CD}.Debug|Any CPU.Build.0 = Debug|Any CPU
		{A329D1F0-9879-4203-AADA-110BD3CDF1CD}.Release|Any CPU.ActiveCfg = Release|Any CPU
		{A329D1F0-9879-4203-AADA-110BD3CDF1CD}.Release|Any CPU.Build.0 = Release|Any CPU
		{DD3A564D-74FE-4C5E-86AD-2A404171B4CC}.Debug|Any CPU.ActiveCfg = Debug|Any CPU
		{DD3A564D-74FE-4C5E-86AD-2A404171B4CC}.Debug|Any CPU.Build.0 = Debug|Any CPU
		{DD3A564D-74FE-4C5E-86AD-2A404171B4CC}.Release|Any CPU.ActiveCfg = Release|Any CPU
		{DD3A564D-74FE-4C5E-86AD-2A404171B4CC}.Release|Any CPU.Build.0 = Release|Any CPU
		{15579236-9791-4499-A939-3AF0BEB6F4D9}.Debug|Any CPU.ActiveCfg = Debug|Any CPU
		{15579236-9791-4499-A939-3AF0BEB6F4D9}.Debug|Any CPU.Build.0 = Debug|Any CPU
		{15579236-9791-4499-A939-3AF0BEB6F4D9}.Release|Any CPU.ActiveCfg = Release|Any CPU
		{15579236-9791-4499-A939-3AF0BEB6F4D9}.Release|Any CPU.Build.0 = Release|Any CPU
	EndGlobalSection
	GlobalSection(SolutionProperties) = preSolution
		HideSolutionNode = FALSE
	EndGlobalSection
	GlobalSection(ExtensibilityGlobals) = postSolution
		SolutionGuid = {379FD493-1B9A-42F4-A585-998A5CF5D3CE}
	EndGlobalSection
EndGlobal
